{
  "name": "samples-cg",
  "version": "1.0.0",
  "lockfileVersion": 1,
  "requires": true,
  "dependencies": {
    "@types/jquery": {
      "version": "3.3.34",
      "resolved": "https://pkgs.dev.azure.com/iseag-packages/_packaging/ise-packages/npm/registry/@types/jquery/-/jquery-3.3.34.tgz",
      "integrity": "sha1-DTuUBXBj04VK2utXllIEj+wHumw=",
      "requires": {
        "@types/sizzle": "*"
      }
    },
    "@types/sizzle": {
      "version": "2.3.2",
      "resolved": "https://pkgs.dev.azure.com/iseag-packages/_packaging/ise-packages/npm/registry/@types/sizzle/-/sizzle-2.3.2.tgz",
      "integrity": "sha1-qBG4wY4rq6t9VCszZYh64uTZ3kc="
    }
  }
}
